Microsoft Visual Studio Solution File, Format Version 12.00
# Visual Studio Version 17
VisualStudioVersion = 17.0.31912.275
MinimumVisualStudioVersion = 10.0.40219.1
Project("{9A19103F-16F7-4668-BE54-9A1E7A4F7556}") = "EmptyBot2", "EmptyBot2\EmptyBot2.csproj", "{F027C397-09E3-4EC3-BD32-1B7F1A4226B1}"
EndProject
Project("{FAE04EC0-301F-11D3-BF4B-00C04F79EFBC}") = "TestProactive", "TestProactive\TestProactive.csproj", "{8F67B091-5643-4C0B-9061-9BDDCA3CA878}"
EndProject
Global
	GlobalSection(SolutionConfigurationPlatforms) = preSolution
		Debug|Any CPU = Debug|Any CPU
		Release|Any CPU = Release|Any CPU
	EndGlobalSection
	GlobalSection(ProjectConfigurationPlatforms) = postSolution
		{F027C397-09E3-4EC3-BD32-1B7F1A4226B1}.Debug|Any CPU.ActiveCfg = Debug|Any CPU
		{F027C397-09E3-4EC3-BD32-1B7F1A4226B1}.Debug|Any CPU.Build.0 = Debug|Any CPU
		{F027C397-09E3-4EC3-BD32-1B7F1A4226B1}.Release|Any CPU.ActiveCfg = Release|Any CPU
		{F027C397-09E3-4EC3-BD32-1B7F1A4226B1}.Release|Any CPU.Build.0 = Release|Any CPU
		{8F67B091-5643-4C0B-9061-9BDDCA3CA878}.Debug|Any CPU.ActiveCfg = Debug|Any CPU
		{8F67B091-5643-4C0B-9061-9BDDCA3CA878}.Debug|Any CPU.Build.0 = Debug|Any CPU
		{8F67B091-5643-4C0B-9061-9BDDCA3CA878}.Release|Any CPU.ActiveCfg = Release|Any CPU
		{8F67B091-5643-4C0B-9061-9BDDCA3CA878}.Release|Any CPU.Build.0 = Release|Any CPU
	EndGlobalSection
	GlobalSection(SolutionProperties) = preSolution
		HideSolutionNode = FALSE
	EndGlobalSection
	GlobalSection(ExtensibilityGlobals) = postSolution
		SolutionGuid = {3C92B75C-00E0-4156-A2D6-CD15A8458508}
	EndGlobalSection
EndGlobal
